
Microsoft Visual Studio Solution File, Format Version 12.00
# Visual Studio 15
VisualStudioVersion = 15.0.27924.0
MinimumVisualStudioVersion = 10.0.40219.1
Project("{FAE04EC0-301F-11D3-BF4B-00C04F79EFBC}") = "WindowManager", "src\WindowManager\WindowManager.csproj", "{C367122B-EB9B-4617-98A0-F459BA6E345F}"
EndProject
Global
	GlobalSection(SolutionConfigurationPlatforms) = preSolution
		Debug|Any CPU = Debug|Any CPU
		Release|Any CPU = Release|Any CPU
	EndGlobalSection
	GlobalSection(ProjectConfigurationPlatforms) = postSolution
		{C367122B-EB9B-4617-98A0-F459BA6E345F}.Debug|Any CPU.ActiveCfg = Debug|Any CPU
		{C367122B-EB9B-4617-98A0-F459BA6E345F}.Debug|Any CPU.Build.0 = Debug|Any CPU
		{C367122B-EB9B-4617-98A0-F459BA6E345F}.Release|Any CPU.ActiveCfg = Debug|Any CPU
		{C367122B-EB9B-4617-98A0-F459BA6E345F}.Release|Any CPU.Build.0 = Debug|Any CPU
	EndGlobalSection
	GlobalSection(SolutionProperties) = preSolution
		HideSolutionNode = FALSE
	EndGlobalSection
	GlobalSection(ExtensibilityGlobals) = postSolution
		SolutionGuid = {BC96BBCC-C203-4FB1-A410-936645856C77}
	EndGlobalSection
EndGlobal
